
Microsoft Visual Studio Solution File, Format Version 12.00
# Visual Studio Version 17
VisualStudioVersion = 17.10.34928.147
MinimumVisualStudioVersion = 10.0.40219.1
Project("{9A19103F-16F7-4668-BE54-9A1E7A4F7556}") = "PROG6212_MVC_POE_ST10259527", "PROG6212_MVC_POE_ST10259527\PROG6212_MVC_POE_ST10259527.csproj", "{76F589D4-A8B0-4A73-8370-76ED129CFE54}"
EndProject
Project("{FAE04EC0-301F-11D3-BF4B-00C04F79EFBC}") = "PROG6212_MVC_POE_ST10259527.Tests", "PROG6212_MVC_POE_ST10259527.Tests\PROG6212_MVC_POE_ST10259527.Tests.csproj", "{4E8B6124-A1CE-45DF-80DD-7A41F70ED5B1}"
EndProject
Global
	GlobalSection(SolutionConfigurationPlatforms) = preSolution
		Debug|Any CPU = Debug|Any CPU
		DebugLocal|Any CPU = DebugLocal|Any CPU
		Release|Any CPU = Release|Any CPU
	EndGlobalSection
	GlobalSection(ProjectConfigurationPlatforms) = postSolution
		{76F589D4-A8B0-4A73-8370-76ED129CFE54}.Debug|Any CPU.ActiveCfg = Debug|Any CPU
		{76F589D4-A8B0-4A73-8370-76ED129CFE54}.Debug|Any CPU.Build.0 = Debug|Any CPU
		{76F589D4-A8B0-4A73-8370-76ED129CFE54}.DebugLocal|Any CPU.ActiveCfg = Debug|Any CPU
		{76F589D4-A8B0-4A73-8370-76ED129CFE54}.DebugLocal|Any CPU.Build.0 = Debug|Any CPU
		{76F589D4-A8B0-4A73-8370-76ED129CFE54}.Release|Any CPU.ActiveCfg = Release|Any CPU
		{76F589D4-A8B0-4A73-8370-76ED129CFE54}.Release|Any CPU.Build.0 = Release|Any CPU
		{4E8B6124-A1CE-45DF-80DD-7A41F70ED5B1}.Debug|Any CPU.ActiveCfg = Debug|Any CPU
		{4E8B6124-A1CE-45DF-80DD-7A41F70ED5B1}.Debug|Any CPU.Build.0 = Debug|Any CPU
		{4E8B6124-A1CE-45DF-80DD-7A41F70ED5B1}.DebugLocal|Any CPU.ActiveCfg = Debug|Any CPU
		{4E8B6124-A1CE-45DF-80DD-7A41F70ED5B1}.DebugLocal|Any CPU.Build.0 = Debug|Any CPU
		{4E8B6124-A1CE-45DF-80DD-7A41F70ED5B1}.Release|Any CPU.ActiveCfg = Release|Any CPU
		{4E8B6124-A1CE-45DF-80DD-7A41F70ED5B1}.Release|Any CPU.Build.0 = Release|Any CPU
	EndGlobalSection
	GlobalSection(SolutionProperties) = preSolution
		HideSolutionNode = FALSE
	EndGlobalSection
	GlobalSection(ExtensibilityGlobals) = postSolution
		SolutionGuid = {20C79D2D-A131-41EE-A0FC-B71536CD8FDC}
	EndGlobalSection
EndGlobal
