
Microsoft Visual Studio Solution File, Format Version 12.00
# Visual Studio Version 17
VisualStudioVersion = 17.10.34928.147
MinimumVisualStudioVersion = 10.0.40219.1
Project("{FAE04EC0-301F-11D3-BF4B-00C04F79EFBC}") = "PROG6212_MVC_POE_ST10259527", "PROG6212_MVC_POE_ST10259527\PROG6212_MVC_POE_ST10259527.csproj", "{76F589D4-A8B0-4A73-8370-76ED129CFE54}"
EndProject
Project("{FAE04EC0-301F-11D3-BF4B-00C04F79EFBC}") = "PROG6212_MVC_POE_ST10259527.Tests", "PROG6212_MVC_POE_ST10259527.Tests\PROG6212_MVC_POE_ST10259527.Tests.csproj", "{4E21A8FC-4D97-4105-851B-EBC72800C3B5}"
EndProject
Global
	GlobalSection(SolutionConfigurationPlatforms) = preSolution
		Debug|Any CPU = Debug|Any CPU
		Release|Any CPU = Release|Any CPU
	EndGlobalSection
	GlobalSection(ProjectConfigurationPlatforms) = postSolution
		{76F589D4-A8B0-4A73-8370-76ED129CFE54}.Debug|Any CPU.ActiveCfg = Debug|Any CPU
		{76F589D4-A8B0-4A73-8370-76ED129CFE54}.Debug|Any CPU.Build.0 = Debug|Any CPU
		{76F589D4-A8B0-4A73-8370-76ED129CFE54}.Release|Any CPU.ActiveCfg = Release|Any CPU
		{76F589D4-A8B0-4A73-8370-76ED129CFE54}.Release|Any CPU.Build.0 = Release|Any CPU
		{4E21A8FC-4D97-4105-851B-EBC72800C3B5}.Debug|Any CPU.ActiveCfg = Debug|Any CPU
		{4E21A8FC-4D97-4105-851B-EBC72800C3B5}.Debug|Any CPU.Build.0 = Debug|Any CPU
		{4E21A8FC-4D97-4105-851B-EBC72800C3B5}.Release|Any CPU.ActiveCfg = Release|Any CPU
		{4E21A8FC-4D97-4105-851B-EBC72800C3B5}.Release|Any CPU.Build.0 = Release|Any CPU
	EndGlobalSection
	GlobalSection(SolutionProperties) = preSolution
		HideSolutionNode = FALSE
	EndGlobalSection
	GlobalSection(ExtensibilityGlobals) = postSolution
		SolutionGuid = {20C79D2D-A131-41EE-A0FC-B71536CD8FDC}
	EndGlobalSection
EndGlobal
